
Microsoft Visual Studio Solution File, Format Version 12.00
# Visual Studio Version 17
VisualStudioVersion = 17.0.31903.59
MinimumVisualStudioVersion = 10.0.40219.1
Project("{9A19103F-16F7-4668-BE54-9A1E7A4F7556}") = "TestTaskSMS.SMSHttpClient", "TestTaskSMS.SMSHttpClient\TestTaskSMS.SMSHttpClient.csproj", "{9C4A8B51-75A1-4559-8D92-E760546A88D0}"
EndProject
Project("{9A19103F-16F7-4668-BE54-9A1E7A4F7556}") = "TestTaskSMS.ConsoleApp", "TestTaskSMS.ConsoleApp\TestTaskSMS.ConsoleApp.csproj", "{1ECFA2CA-76CF-4CFB-B0D7-DF6CF7A5F9D9}"
EndProject
Project("{9A19103F-16F7-4668-BE54-9A1E7A4F7556}") = "TestTaskSMS.gRPSClient", "TestTaskSMS.gRPSClient\TestTaskSMS.gRPSClient.csproj", "{CD770253-401E-4375-8E79-3A48E7F008DE}"
EndProject
Project("{FAE04EC0-301F-11D3-BF4B-00C04F79EFBC}") = "TestTaskSMS.CommonLibrary", "TestTaskSMS.CommonLibrary\TestTaskSMS.CommonLibrary.csproj", "{C39FCF7A-5442-4BC0-9CCF-F7CC2BAF0FCB}"
EndProject
Global
	GlobalSection(SolutionConfigurationPlatforms) = preSolution
		Debug|Any CPU = Debug|Any CPU
		Debug|x64 = Debug|x64
		Debug|x86 = Debug|x86
		Release|Any CPU = Release|Any CPU
		Release|x64 = Release|x64
		Release|x86 = Release|x86
	EndGlobalSection
	GlobalSection(ProjectConfigurationPlatforms) = postSolution
		{9C4A8B51-75A1-4559-8D92-E760546A88D0}.Debug|Any CPU.ActiveCfg = Debug|Any CPU
		{9C4A8B51-75A1-4559-8D92-E760546A88D0}.Debug|Any CPU.Build.0 = Debug|Any CPU
		{9C4A8B51-75A1-4559-8D92-E760546A88D0}.Debug|x64.ActiveCfg = Debug|Any CPU
		{9C4A8B51-75A1-4559-8D92-E760546A88D0}.Debug|x64.Build.0 = Debug|Any CPU
		{9C4A8B51-75A1-4559-8D92-E760546A88D0}.Debug|x86.ActiveCfg = Debug|Any CPU
		{9C4A8B51-75A1-4559-8D92-E760546A88D0}.Debug|x86.Build.0 = Debug|Any CPU
		{9C4A8B51-75A1-4559-8D92-E760546A88D0}.Release|Any CPU.ActiveCfg = Release|Any CPU
		{9C4A8B51-75A1-4559-8D92-E760546A88D0}.Release|Any CPU.Build.0 = Release|Any CPU
		{9C4A8B51-75A1-4559-8D92-E760546A88D0}.Release|x64.ActiveCfg = Release|Any CPU
		{9C4A8B51-75A1-4559-8D92-E760546A88D0}.Release|x64.Build.0 = Release|Any CPU
		{9C4A8B51-75A1-4559-8D92-E760546A88D0}.Release|x86.ActiveCfg = Release|Any CPU
		{9C4A8B51-75A1-4559-8D92-E760546A88D0}.Release|x86.Build.0 = Release|Any CPU
		{1ECFA2CA-76CF-4CFB-B0D7-DF6CF7A5F9D9}.Debug|Any CPU.ActiveCfg = Debug|Any CPU
		{1ECFA2CA-76CF-4CFB-B0D7-DF6CF7A5F9D9}.Debug|Any CPU.Build.0 = Debug|Any CPU
		{1ECFA2CA-76CF-4CFB-B0D7-DF6CF7A5F9D9}.Debug|x64.ActiveCfg = Debug|Any CPU
		{1ECFA2CA-76CF-4CFB-B0D7-DF6CF7A5F9D9}.Debug|x64.Build.0 = Debug|Any CPU
		{1ECFA2CA-76CF-4CFB-B0D7-DF6CF7A5F9D9}.Debug|x86.ActiveCfg = Debug|Any CPU
		{1ECFA2CA-76CF-4CFB-B0D7-DF6CF7A5F9D9}.Debug|x86.Build.0 = Debug|Any CPU
		{1ECFA2CA-76CF-4CFB-B0D7-DF6CF7A5F9D9}.Release|Any CPU.ActiveCfg = Release|Any CPU
		{1ECFA2CA-76CF-4CFB-B0D7-DF6CF7A5F9D9}.Release|Any CPU.Build.0 = Release|Any CPU
		{1ECFA2CA-76CF-4CFB-B0D7-DF6CF7A5F9D9}.Release|x64.ActiveCfg = Release|Any CPU
		{1ECFA2CA-76CF-4CFB-B0D7-DF6CF7A5F9D9}.Release|x64.Build.0 = Release|Any CPU
		{1ECFA2CA-76CF-4CFB-B0D7-DF6CF7A5F9D9}.Release|x86.ActiveCfg = Release|Any CPU
		{1ECFA2CA-76CF-4CFB-B0D7-DF6CF7A5F9D9}.Release|x86.Build.0 = Release|Any CPU
		{CD770253-401E-4375-8E79-3A48E7F008DE}.Debug|Any CPU.ActiveCfg = Debug|Any CPU
		{CD770253-401E-4375-8E79-3A48E7F008DE}.Debug|Any CPU.Build.0 = Debug|Any CPU
		{CD770253-401E-4375-8E79-3A48E7F008DE}.Debug|x64.ActiveCfg = Debug|Any CPU
		{CD770253-401E-4375-8E79-3A48E7F008DE}.Debug|x64.Build.0 = Debug|Any CPU
		{CD770253-401E-4375-8E79-3A48E7F008DE}.Debug|x86.ActiveCfg = Debug|Any CPU
		{CD770253-401E-4375-8E79-3A48E7F008DE}.Debug|x86.Build.0 = Debug|Any CPU
		{CD770253-401E-4375-8E79-3A48E7F008DE}.Release|Any CPU.ActiveCfg = Release|Any CPU
		{CD770253-401E-4375-8E79-3A48E7F008DE}.Release|Any CPU.Build.0 = Release|Any CPU
		{CD770253-401E-4375-8E79-3A48E7F008DE}.Release|x64.ActiveCfg = Release|Any CPU
		{CD770253-401E-4375-8E79-3A48E7F008DE}.Release|x64.Build.0 = Release|Any CPU
		{CD770253-401E-4375-8E79-3A48E7F008DE}.Release|x86.ActiveCfg = Release|Any CPU
		{CD770253-401E-4375-8E79-3A48E7F008DE}.Release|x86.Build.0 = Release|Any CPU
		{C39FCF7A-5442-4BC0-9CCF-F7CC2BAF0FCB}.Debug|Any CPU.ActiveCfg = Debug|Any CPU
		{C39FCF7A-5442-4BC0-9CCF-F7CC2BAF0FCB}.Debug|Any CPU.Build.0 = Debug|Any CPU
		{C39FCF7A-5442-4BC0-9CCF-F7CC2BAF0FCB}.Debug|x64.ActiveCfg = Debug|Any CPU
		{C39FCF7A-5442-4BC0-9CCF-F7CC2BAF0FCB}.Debug|x64.Build.0 = Debug|Any CPU
		{C39FCF7A-5442-4BC0-9CCF-F7CC2BAF0FCB}.Debug|x86.ActiveCfg = Debug|Any CPU
		{C39FCF7A-5442-4BC0-9CCF-F7CC2BAF0FCB}.Debug|x86.Build.0 = Debug|Any CPU
		{C39FCF7A-5442-4BC0-9CCF-F7CC2BAF0FCB}.Release|Any CPU.ActiveCfg = Release|Any CPU
		{C39FCF7A-5442-4BC0-9CCF-F7CC2BAF0FCB}.Release|Any CPU.Build.0 = Release|Any CPU
		{C39FCF7A-5442-4BC0-9CCF-F7CC2BAF0FCB}.Release|x64.ActiveCfg = Release|Any CPU
		{C39FCF7A-5442-4BC0-9CCF-F7CC2BAF0FCB}.Release|x64.Build.0 = Release|Any CPU
		{C39FCF7A-5442-4BC0-9CCF-F7CC2BAF0FCB}.Release|x86.ActiveCfg = Release|Any CPU
		{C39FCF7A-5442-4BC0-9CCF-F7CC2BAF0FCB}.Release|x86.Build.0 = Release|Any CPU
	EndGlobalSection
	GlobalSection(SolutionProperties) = preSolution
		HideSolutionNode = FALSE
	EndGlobalSection
	GlobalSection(ExtensibilityGlobals) = postSolution
		SolutionGuid = {F56BB3EB-DD98-4427-8721-932F21F91387}
	EndGlobalSection
EndGlobal
